// !$*UTF8*$!
{
	archiveVersion = 1;
	classes = {
	};
	objectVersion = 77;
	objects = {

/* Begin PBXGroup section */
		7E175D0C2F85E5B3009C9B61 = {
			isa = PBXGroup;
			children = (
			);
			sourceTree = "<group>";
		};
/* End PBXGroup section */

/* Begin PBXProject section */
		7E175D0D2F85E5B3009C9B61 /* Project object */ = {
			isa = PBXProject;
			attributes = {
				BuildIndependentTargetsInParallel = 1;
				LastUpgradeCheck = 2630;
			};
			buildConfigurationList = 7E175D102F85E5B3009C9B61 /* Build configuration list for PBXProject "windsolar" */;
			developmentRegion = en;
			hasScannedForEncodings = 0;
			knownRegions = (
				en,
				Base,
			);
			mainGroup = 7E175D0C2F85E5B3009C9B61;
			minimizedProjectReferenceProxies = 1;
			preferredProjectObjectVersion = 77;
			projectDirPath = "";
			projectRoot = "";
			targets = (
			);
		};
/* End PBXProject section */

/* Begin XCBuildConfiguration section */
		7E175D112F85E5B3009C9B61 /* Debug */ = {
			isa = XCBuildConfiguration;
			buildSettings = {
				DEVELOPMENT_TEAM = QV2VXKM2HQ;
			};
			name = Debug;
		};
		7E175D122F85E5B3009C9B61 /* Release */ = {
			isa = XCBuildConfiguration;
			buildSettings = {
				DEVELOPMENT_TEAM = QV2VXKM2HQ;
			};
			name = Release;
		};
/* End XCBuildConfiguration section */

/* Begin XCConfigurationList section */
		7E175D102F85E5B3009C9B61 /* Build configuration list for PBXProject "windsolar" */ = {
			isa = XCConfigurationList;
			buildConfigurations = (
				7E175D112F85E5B3009C9B61 /* Debug */,
				7E175D122F85E5B3009C9B61 /* Release */,
			);
			defaultConfigurationIsVisible = 0;
			defaultConfigurationName = Release;
		};
/* End XCConfigurationList section */
	};
	rootObject = 7E175D0D2F85E5B3009C9B61 /* Project object */;
}
